// !$*UTF8*$!
{
	archiveVersion = 1;
	classes = {
	};
	objectVersion = 56;
	objects = {

/* Begin PBXBuildFile section */
		0FCDAD382B1AF48900F510FD /* AboutView.swift in Sources */ = {isa = PBXBuildFile; fileRef = 0FCDAD372B1AF48900F510FD /* AboutView.swift */; };
		0FFE651C2B0288A80080FF12 /* FinalProjectApp.swift in Sources */ = {isa = PBXBuildFile; fileRef = 0FFE651B2B0288A80080FF12 /* FinalProjectApp.swift */; };
		0FFE651E2B0288A80080FF12 /* ContentView.swift in Sources */ = {isa = PBXBuildFile; fileRef = 0FFE651D2B0288A80080FF12 /* ContentView.swift */; };
		0FFE65202B0288A90080FF12 /* Assets.xcassets in Resources */ = {isa = PBXBuildFile; fileRef = 0FFE651F2B0288A90080FF12 /* Assets.xcassets */; };
		0FFE65232B0288A90080FF12 /* Preview Assets.xcassets in Resources */ = {isa = PBXBuildFile; fileRef = 0FFE65222B0288A90080FF12 /* Preview Assets.xcassets */; };
		0FFE652A2B0288F20080FF12 /* MainView.swift in Sources */ = {isa = PBXBuildFile; fileRef = 0FFE65292B0288F20080FF12 /* MainView.swift */; };
		0FFE652C2B02893F0080FF12 /* DisplayImages.swift in Sources */ = {isa = PBXBuildFile; fileRef = 0FFE652B2B02893F0080FF12 /* DisplayImages.swift */; };
		0FFE652E2B02895E0080FF12 /* ImageFileSave.swift in Sources */ = {isa = PBXBuildFile; fileRef = 0FFE652D2B02895E0080FF12 /* ImageFileSave.swift */; };
		0FFE65302B0289700080FF12 /* Document.swift in Sources */ = {isa = PBXBuildFile; fileRef = 0FFE652F2B0289700080FF12 /* Document.swift */; };
		0FFE65322B0289830080FF12 /* ItemModel.swift in Sources */ = {isa = PBXBuildFile; fileRef = 0FFE65312B0289830080FF12 /* ItemModel.swift */; };
		0FFE65342B0289920080FF12 /* JSON.swift in Sources */ = {isa = PBXBuildFile; fileRef = 0FFE65332B0289920080FF12 /* JSON.swift */; };
		0FFE65362B0289A50080FF12 /* ImageSaver.swift in Sources */ = {isa = PBXBuildFile; fileRef = 0FFE65352B0289A50080FF12 /* ImageSaver.swift */; };
		0FFE65382B0289B50080FF12 /* ImagePicker.swift in Sources */ = {isa = PBXBuildFile; fileRef = 0FFE65372B0289B50080FF12 /* ImagePicker.swift */; };
/* End PBXBuildFile section */

/* Begin PBXFileReference section */
		0FCDAD372B1AF48900F510FD /* AboutView.swift */ = {isa = PBXFileReference; lastKnownFileType = sourcecode.swift; path = AboutView.swift; sourceTree = "<group>"; };
		0FFE65182B0288A80080FF12 /* FinalProject.app */ = {isa = PBXFileReference; explicitFileType = wrapper.application; includeInIndex = 0; path = FinalProject.app; sourceTree = BUILT_PRODUCTS_DIR; };
		0FFE651B2B0288A80080FF12 /* FinalProjectApp.swift */ = {isa = PBXFileReference; lastKnownFileType = sourcecode.swift; path = FinalProjectApp.swift; sourceTree = "<group>"; };
		0FFE651D2B0288A80080FF12 /* ContentView.swift */ = {isa = PBXFileReference; lastKnownFileType = sourcecode.swift; path = ContentView.swift; sourceTree = "<group>"; };
		0FFE651F2B0288A90080FF12 /* Assets.xcassets */ = {isa = PBXFileReference; lastKnownFileType = folder.assetcatalog; path = Assets.xcassets; sourceTree = "<group>"; };
		0FFE65222B0288A90080FF12 /* Preview Assets.xcassets */ = {isa = PBXFileReference; lastKnownFileType = folder.assetcatalog; path = "Preview Assets.xcassets"; sourceTree = "<group>"; };
		0FFE65292B0288F20080FF12 /* MainView.swift */ = {isa = PBXFileReference; lastKnownFileType = sourcecode.swift; path = MainView.swift; sourceTree = "<group>"; };
		0FFE652B2B02893F0080FF12 /* DisplayImages.swift */ = {isa = PBXFileReference; lastKnownFileType = sourcecode.swift; path = DisplayImages.swift; sourceTree = "<group>"; };
		0FFE652D2B02895E0080FF12 /* ImageFileSave.swift */ = {isa = PBXFileReference; lastKnownFileType = sourcecode.swift; path = ImageFileSave.swift; sourceTree = "<group>"; };
		0FFE652F2B0289700080FF12 /* Document.swift */ = {isa = PBXFileReference; lastKnownFileType = sourcecode.swift; path = Document.swift; sourceTree = "<group>"; };
		0FFE65312B0289830080FF12 /* ItemModel.swift */ = {isa = PBXFileReference; lastKnownFileType = sourcecode.swift; path = ItemModel.swift; sourceTree = "<group>"; };
		0FFE65332B0289920080FF12 /* JSON.swift */ = {isa = PBXFileReference; lastKnownFileType = sourcecode.swift; path = JSON.swift; sourceTree = "<group>"; };
		0FFE65352B0289A50080FF12 /* ImageSaver.swift */ = {isa = PBXFileReference; lastKnownFileType = sourcecode.swift; path = ImageSaver.swift; sourceTree = "<group>"; };
		0FFE65372B0289B50080FF12 /* ImagePicker.swift */ = {isa = PBXFileReference; lastKnownFileType = sourcecode.swift; path = ImagePicker.swift; sourceTree = "<group>"; };
/* End PBXFileReference section */

/* Begin PBXFrameworksBuildPhase section */
		0FFE65152B0288A80080FF12 /* Frameworks */ = {
			isa = PBXFrameworksBuildPhase;
			buildActionMask = 2147483647;
			files = (
			);
			runOnlyForDeploymentPostprocessing = 0;
		};
/* End PBXFrameworksBuildPhase section */

/* Begin PBXGroup section */
		0FFE650F2B0288A80080FF12 = {
			isa = PBXGroup;
			children = (
				0FFE651A2B0288A80080FF12 /* FinalProject */,
				0FFE65192B0288A80080FF12 /* Products */,
			);
			sourceTree = "<group>";
		};
		0FFE65192B0288A80080FF12 /* Products */ = {
			isa = PBXGroup;
			children = (
				0FFE65182B0288A80080FF12 /* FinalProject.app */,
			);
			name = Products;
			sourceTree = "<group>";
		};
		0FFE651A2B0288A80080FF12 /* FinalProject */ = {
			isa = PBXGroup;
			children = (
				0FFE651B2B0288A80080FF12 /* FinalProjectApp.swift */,
				0FFE65292B0288F20080FF12 /* MainView.swift */,
				0FFE651D2B0288A80080FF12 /* ContentView.swift */,
				0FFE652B2B02893F0080FF12 /* DisplayImages.swift */,
				0FCDAD372B1AF48900F510FD /* AboutView.swift */,
				0FFE652D2B02895E0080FF12 /* ImageFileSave.swift */,
				0FFE652F2B0289700080FF12 /* Document.swift */,
				0FFE65312B0289830080FF12 /* ItemModel.swift */,
				0FFE65332B0289920080FF12 /* JSON.swift */,
				0FFE65352B0289A50080FF12 /* ImageSaver.swift */,
				0FFE65372B0289B50080FF12 /* ImagePicker.swift */,
				0FFE651F2B0288A90080FF12 /* Assets.xcassets */,
				0FFE65212B0288A90080FF12 /* Preview Content */,
			);
			path = FinalProject;
			sourceTree = "<group>";
		};
		0FFE65212B0288A90080FF12 /* Preview Content */ = {
			isa = PBXGroup;
			children = (
				0FFE65222B0288A90080FF12 /* Preview Assets.xcassets */,
			);
			path = "Preview Content";
			sourceTree = "<group>";
		};
/* End PBXGroup section */

/* Begin PBXNativeTarget section */
		0FFE65172B0288A80080FF12 /* FinalProject */ = {
			isa = PBXNativeTarget;
			buildConfigurationList = 0FFE65262B0288A90080FF12 /* Build configuration list for PBXNativeTarget "FinalProject" */;
			buildPhases = (
				0FFE65142B0288A80080FF12 /* Sources */,
				0FFE65152B0288A80080FF12 /* Frameworks */,
				0FFE65162B0288A80080FF12 /* Resources */,
			);
			buildRules = (
			);
			dependencies = (
			);
			name = FinalProject;
			productName = FinalProject;
			productReference = 0FFE65182B0288A80080FF12 /* FinalProject.app */;
			productType = "com.apple.product-type.application";
		};
/* End PBXNativeTarget section */

/* Begin PBXProject section */
		0FFE65102B0288A80080FF12 /* Project object */ = {
			isa = PBXProject;
			attributes = {
				BuildIndependentTargetsInParallel = 1;
				LastSwiftUpdateCheck = 1430;
				LastUpgradeCheck = 1430;
				TargetAttributes = {
					0FFE65172B0288A80080FF12 = {
						CreatedOnToolsVersion = 14.3.1;
					};
				};
			};
			buildConfigurationList = 0FFE65132B0288A80080FF12 /* Build configuration list for PBXProject "FinalProject" */;
			compatibilityVersion = "Xcode 14.0";
			developmentRegion = en;
			hasScannedForEncodings = 0;
			knownRegions = (
				en,
				Base,
			);
			mainGroup = 0FFE650F2B0288A80080FF12;
			productRefGroup = 0FFE65192B0288A80080FF12 /* Products */;
			projectDirPath = "";
			projectRoot = "";
			targets = (
				0FFE65172B0288A80080FF12 /* FinalProject */,
			);
		};
/* End PBXProject section */

/* Begin PBXResourcesBuildPhase section */
		0FFE65162B0288A80080FF12 /* Resources */ = {
			isa = PBXResourcesBuildPhase;
			buildActionMask = 2147483647;
			files = (
				0FFE65232B0288A90080FF12 /* Preview Assets.xcassets in Resources */,
				0FFE65202B0288A90080FF12 /* Assets.xcassets in Resources */,
			);
			runOnlyForDeploymentPostprocessing = 0;
		};
/* End PBXResourcesBuildPhase section */

/* Begin PBXSourcesBuildPhase section */
		0FFE65142B0288A80080FF12 /* Sources */ = {
			isa = PBXSourcesBuildPhase;
			buildActionMask = 2147483647;
			files = (
				0FFE651E2B0288A80080FF12 /* ContentView.swift in Sources */,
				0FFE652E2B02895E0080FF12 /* ImageFileSave.swift in Sources */,
				0FCDAD382B1AF48900F510FD /* AboutView.swift in Sources */,
				0FFE65302B0289700080FF12 /* Document.swift in Sources */,
				0FFE652A2B0288F20080FF12 /* MainView.swift in Sources */,
				0FFE65362B0289A50080FF12 /* ImageSaver.swift in Sources */,
				0FFE652C2B02893F0080FF12 /* DisplayImages.swift in Sources */,
				0FFE65322B0289830080FF12 /* ItemModel.swift in Sources */,
				0FFE65382B0289B50080FF12 /* ImagePicker.swift in Sources */,
				0FFE651C2B0288A80080FF12 /* FinalProjectApp.swift in Sources */,
				0FFE65342B0289920080FF12 /* JSON.swift in Sources */,
			);
			runOnlyForDeploymentPostprocessing = 0;
		};
/* End PBXSourcesBuildPhase section */

/* Begin XCBuildConfiguration section */
		0FFE65242B0288A90080FF12 /* Debug */ = {
			isa = XCBuildConfiguration;
			buildSettings = {
				ALWAYS_SEARCH_USER_PATHS = NO;
				CLANG_ANALYZER_NONNULL = YES;
				CLANG_ANALYZER_NUMBER_OBJECT_CONVERSION = YES_AGGRESSIVE;
				CLANG_CXX_LANGUAGE_STANDARD = "gnu++20";
				CLANG_ENABLE_MODULES = YES;
				CLANG_ENABLE_OBJC_ARC = YES;
				CLANG_ENABLE_OBJC_WEAK = YES;
				CLANG_WARN_BLOCK_CAPTURE_AUTORELEASING = YES;
				CLANG_WARN_BOOL_CONVERSION = YES;
				CLANG_WARN_COMMA = YES;
				CLANG_WARN_CONSTANT_CONVERSION = YES;
				CLANG_WARN_DEPRECATED_OBJC_IMPLEMENTATIONS = YES;
				CLANG_WARN_DIRECT_OBJC_ISA_USAGE = YES_ERROR;
				CLANG_WARN_DOCUMENTATION_COMMENTS = YES;
				CLANG_WARN_EMPTY_BODY = YES;
				CLANG_WARN_ENUM_CONVERSION = YES;
				CLANG_WARN_INFINITE_RECURSION = YES;
				CLANG_WARN_INT_CONVERSION = YES;
				CLANG_WARN_NON_LITERAL_NULL_CONVERSION = YES;
				CLANG_WARN_OBJC_IMPLICIT_RETAIN_SELF = YES;
				CLANG_WARN_OBJC_LITERAL_CONVERSION = YES;
				CLANG_WARN_OBJC_ROOT_CLASS = YES_ERROR;
				CLANG_WARN_QUOTED_INCLUDE_IN_FRAMEWORK_HEADER = YES;
				CLANG_WARN_RANGE_LOOP_ANALYSIS = YES;
				CLANG_WARN_STRICT_PROTOTYPES = YES;
				CLANG_WARN_SUSPICIOUS_MOVE = YES;
				CLANG_WARN_UNGUARDED_AVAILABILITY = YES_AGGRESSIVE;
				CLANG_WARN_UNREACHABLE_CODE = YES;
				CLANG_WARN__DUPLICATE_METHOD_MATCH = YES;
				COPY_PHASE_STRIP = NO;
				DEBUG_INFORMATION_FORMAT = dwarf;
				ENABLE_STRICT_OBJC_MSGSEND = YES;
				ENABLE_TESTABILITY = YES;
				GCC_C_LANGUAGE_STANDARD = gnu11;
				GCC_DYNAMIC_NO_PIC = NO;
				GCC_NO_COMMON_BLOCKS = YES;
				GCC_OPTIMIZATION_LEVEL = 0;
				GCC_PREPROCESSOR_DEFINITIONS = (
					"DEBUG=1",
					"$(inherited)",
				);
				GCC_WARN_64_TO_32_BIT_CONVERSION = YES;
				GCC_WARN_ABOUT_RETURN_TYPE = YES_ERROR;
				GCC_WARN_UNDECLARED_SELECTOR = YES;
				GCC_WARN_UNINITIALIZED_AUTOS = YES_AGGRESSIVE;
				GCC_WARN_UNUSED_FUNCTION = YES;
				GCC_WARN_UNUSED_VARIABLE = YES;
				IPHONEOS_DEPLOYMENT_TARGET = 16.4;
				MTL_ENABLE_DEBUG_INFO = INCLUDE_SOURCE;
				MTL_FAST_MATH = YES;
				ONLY_ACTIVE_ARCH = YES;
				SDKROOT = iphoneos;
				SWIFT_ACTIVE_COMPILATION_CONDITIONS = DEBUG;
				SWIFT_OPTIMIZATION_LEVEL = "-Onone";
			};
			name = Debug;
		};
		0FFE65252B0288A90080FF12 /* Release */ = {
			isa = XCBuildConfiguration;
			buildSettings = {
				ALWAYS_SEARCH_USER_PATHS = NO;
				CLANG_ANALYZER_NONNULL = YES;
				CLANG_ANALYZER_NUMBER_OBJECT_CONVERSION = YES_AGGRESSIVE;
				CLANG_CXX_LANGUAGE_STANDARD = "gnu++20";
				CLANG_ENABLE_MODULES = YES;
				CLANG_ENABLE_OBJC_ARC = YES;
				CLANG_ENABLE_OBJC_WEAK = YES;
				CLANG_WARN_BLOCK_CAPTURE_AUTORELEASING = YES;
				CLANG_WARN_BOOL_CONVERSION = YES;
				CLANG_WARN_COMMA = YES;
				CLANG_WARN_CONSTANT_CONVERSION = YES;
				CLANG_WARN_DEPRECATED_OBJC_IMPLEMENTATIONS = YES;
				CLANG_WARN_DIRECT_OBJC_ISA_USAGE = YES_ERROR;
				CLANG_WARN_DOCUMENTATION_COMMENTS = YES;
				CLANG_WARN_EMPTY_BODY = YES;
				CLANG_WARN_ENUM_CONVERSION = YES;
				CLANG_WARN_INFINITE_RECURSION = YES;
				CLANG_WARN_INT_CONVERSION = YES;
				CLANG_WARN_NON_LITERAL_NULL_CONVERSION = YES;
				CLANG_WARN_OBJC_IMPLICIT_RETAIN_SELF = YES;
				CLANG_WARN_OBJC_LITERAL_CONVERSION = YES;
				CLANG_WARN_OBJC_ROOT_CLASS = YES_ERROR;
				CLANG_WARN_QUOTED_INCLUDE_IN_FRAMEWORK_HEADER = YES;
				CLANG_WARN_RANGE_LOOP_ANALYSIS = YES;
				CLANG_WARN_STRICT_PROTOTYPES = YES;
				CLANG_WARN_SUSPICIOUS_MOVE = YES;
				CLANG_WARN_UNGUARDED_AVAILABILITY = YES_AGGRESSIVE;
				CLANG_WARN_UNREACHABLE_CODE = YES;
				CLANG_WARN__DUPLICATE_METHOD_MATCH = YES;
				COPY_PHASE_STRIP = NO;
				DEBUG_INFORMATION_FORMAT = "dwarf-with-dsym";
				ENABLE_NS_ASSERTIONS = NO;
				ENABLE_STRICT_OBJC_MSGSEND = YES;
				GCC_C_LANGUAGE_STANDARD = gnu11;
				GCC_NO_COMMON_BLOCKS = YES;
				GCC_WARN_64_TO_32_BIT_CONVERSION = YES;
				GCC_WARN_ABOUT_RETURN_TYPE = YES_ERROR;
				GCC_WARN_UNDECLARED_SELECTOR = YES;
				GCC_WARN_UNINITIALIZED_AUTOS = YES_AGGRESSIVE;
				GCC_WARN_UNUSED_FUNCTION = YES;
				GCC_WARN_UNUSED_VARIABLE = YES;
				IPHONEOS_DEPLOYMENT_TARGET = 16.4;
				MTL_ENABLE_DEBUG_INFO = NO;
				MTL_FAST_MATH = YES;
				SDKROOT = iphoneos;
				SWIFT_COMPILATION_MODE = wholemodule;
				SWIFT_OPTIMIZATION_LEVEL = "-O";
				VALIDATE_PRODUCT = YES;
			};
			name = Release;
		};
		0FFE65272B0288A90080FF12 /* Debug */ = {
			isa = XCBuildConfiguration;
			buildSettings = {
				ASSETCATALOG_COMPILER_APPICON_NAME = AppIcon;
				ASSETCATALOG_COMPILER_GLOBAL_ACCENT_COLOR_NAME = AccentColor;
				CODE_SIGN_STYLE = Automatic;
				CURRENT_PROJECT_VERSION = 1;
				DEVELOPMENT_ASSET_PATHS = "\"FinalProject/Preview Content\"";
				DEVELOPMENT_TEAM = X83JG6D4LX;
				ENABLE_PREVIEWS = YES;
				GENERATE_INFOPLIST_FILE = YES;
				INFOPLIST_KEY_NSPhotoLibraryAddUsageDescription = "We want to save your processed photo.";
				INFOPLIST_KEY_UIApplicationSceneManifest_Generation = YES;
				INFOPLIST_KEY_UIApplicationSupportsIndirectInputEvents = YES;
				INFOPLIST_KEY_UILaunchScreen_Generation = YES;
				INFOPLIST_KEY_UISupportedInterfaceOrientations_iPad = "UIInterfaceOrientationPortrait UIInterfaceOrientationPortraitUpsideDown UIInterfaceOrientationLandscapeLeft UIInterfaceOrientationLandscapeRight";
				INFOPLIST_KEY_UISupportedInterfaceOrientations_iPhone = "UIInterfaceOrientationPortrait UIInterfaceOrientationLandscapeLeft UIInterfaceOrientationLandscapeRight";
				LD_RUNPATH_SEARCH_PATHS = (
					"$(inherited)",
					"@executable_path/Frameworks",
				);
				MARKETING_VERSION = 1.0;
				PRODUCT_BUNDLE_IDENTIFIER = com.vyl2007.FinalProject;
				PRODUCT_NAME = "$(TARGET_NAME)";
				SWIFT_EMIT_LOC_STRINGS = YES;
				SWIFT_VERSION = 5.0;
				TARGETED_DEVICE_FAMILY = "1,2";
			};
			name = Debug;
		};
		0FFE65282B0288A90080FF12 /* Release */ = {
			isa = XCBuildConfiguration;
			buildSettings = {
				ASSETCATALOG_COMPILER_APPICON_NAME = AppIcon;
				ASSETCATALOG_COMPILER_GLOBAL_ACCENT_COLOR_NAME = AccentColor;
				CODE_SIGN_STYLE = Automatic;
				CURRENT_PROJECT_VERSION = 1;
				DEVELOPMENT_ASSET_PATHS = "\"FinalProject/Preview Content\"";
				DEVELOPMENT_TEAM = X83JG6D4LX;
				ENABLE_PREVIEWS = YES;
				GENERATE_INFOPLIST_FILE = YES;
				INFOPLIST_KEY_NSPhotoLibraryAddUsageDescription = "We want to save your processed photo.";
				INFOPLIST_KEY_UIApplicationSceneManifest_Generation = YES;
				INFOPLIST_KEY_UIApplicationSupportsIndirectInputEvents = YES;
				INFOPLIST_KEY_UILaunchScreen_Generation = YES;
				INFOPLIST_KEY_UISupportedInterfaceOrientations_iPad = "UIInterfaceOrientationPortrait UIInterfaceOrientationPortraitUpsideDown UIInterfaceOrientationLandscapeLeft UIInterfaceOrientationLandscapeRight";
				INFOPLIST_KEY_UISupportedInterfaceOrientations_iPhone = "UIInterfaceOrientationPortrait UIInterfaceOrientationLandscapeLeft UIInterfaceOrientationLandscapeRight";
				LD_RUNPATH_SEARCH_PATHS = (
					"$(inherited)",
					"@executable_path/Frameworks",
				);
				MARKETING_VERSION = 1.0;
				PRODUCT_BUNDLE_IDENTIFIER = com.vyl2007.FinalProject;
				PRODUCT_NAME = "$(TARGET_NAME)";
				SWIFT_EMIT_LOC_STRINGS = YES;
				SWIFT_VERSION = 5.0;
				TARGETED_DEVICE_FAMILY = "1,2";
			};
			name = Release;
		};
/* End XCBuildConfiguration section */

/* Begin XCConfigurationList section */
		0FFE65132B0288A80080FF12 /* Build configuration list for PBXProject "FinalProject" */ = {
			isa = XCConfigurationList;
			buildConfigurations = (
				0FFE65242B0288A90080FF12 /* Debug */,
				0FFE65252B0288A90080FF12 /* Release */,
			);
			defaultConfigurationIsVisible = 0;
			defaultConfigurationName = Release;
		};
		0FFE65262B0288A90080FF12 /* Build configuration list for PBXNativeTarget "FinalProject" */ = {
			isa = XCConfigurationList;
			buildConfigurations = (
				0FFE65272B0288A90080FF12 /* Debug */,
				0FFE65282B0288A90080FF12 /* Release */,
			);
			defaultConfigurationIsVisible = 0;
			defaultConfigurationName = Release;
		};
/* End XCConfigurationList section */
	};
	rootObject = 0FFE65102B0288A80080FF12 /* Project object */;
}
